{
    "_readme": [
        "This file locks the dependencies of your project to a known state",
        "Read more about it at https://getcomposer.org/doc/01-basic-usage.md#composer-lock-the-lock-file",
        "This file is @generated automatically"
    ],
    "hash": "971e018c683547da2f5bad1dfdbb9fc0",
    "content-hash": "1864f8211a57789d5040895d19535df7",
    "packages": [],
    "packages-dev": [
        {
            "name": "behat/mink",
            "version": "v1.7.1",
            "source": {
                "type": "git",
                "url": "https://github.com/minkphp/Mink.git",
                "reference": "e6930b9c74693dff7f4e58577e1b1743399f3ff9"
            },
            "dist": {
                "type": "zip",
                "url": "https://api.github.com/repos/minkphp/Mink/zipball/e6930b9c74693dff7f4e58577e1b1743399f3ff9",
                "reference": "e6930b9c74693dff7f4e58577e1b1743399f3ff9",
                "shasum": ""
            },
            "require": {
                "php": ">=5.3.1",
                "symfony/css-selector": "~2.1|~3.0"
            },
            "require-dev": {
                "symfony/phpunit-bridge": "~2.7|~3.0"
            },
            "suggest": {
                "behat/mink-browserkit-driver": "extremely fast headless driver for Symfony\\Kernel-based apps (Sf2, Silex)",
                "behat/mink-goutte-driver": "fast headless driver for any app without JS emulation",
                "behat/mink-selenium2-driver": "slow, but JS-enabled driver for any app (requires Selenium2)",
                "behat/mink-zombie-driver": "fast and JS-enabled headless driver for any app (requires node.js)"
            },
            "type": "library",
            "extra": {
                "branch-alias": {
                    "dev-master": "1.7.x-dev"
                }
            },
            "autoload": {
                "psr-4": {
                    "Behat\\Mink\\": "src/"
                }
            },
            "notification-url": "https://packagist.org/downloads/",
            "license": [
                "MIT"
            ],
            "authors": [
                {
                    "name": "Konstantin Kudryashov",
                    "email": "ever.zet@gmail.com",
                    "homepage": "http://everzet.com"
                }
            ],
            "description": "Browser controller/emulator abstraction for PHP",
            "homepage": "http://mink.behat.org/",
            "keywords": [
                "browser",
                "testing",
                "web"
            ],
            "time": "2016-03-05 08:26:18"
        },
        {
            "name": "behat/mink-browserkit-driver",
            "version": "1.3.3",
            "source": {
                "type": "git",
                "url": "https://github.com/minkphp/MinkBrowserKitDriver.git",
                "reference": "1b9a7ce903cfdaaec5fb32bfdbb26118343662eb"
            },
            "dist": {
                "type": "zip",
                "url": "https://api.github.com/repos/minkphp/MinkBrowserKitDriver/zipball/1b9a7ce903cfdaaec5fb32bfdbb26118343662eb",
                "reference": "1b9a7ce903cfdaaec5fb32bfdbb26118343662eb",
                "shasum": ""
            },
            "require": {
                "behat/mink": "^1.7.1@dev",
                "php": ">=5.3.6",
                "symfony/browser-kit": "~2.3|~3.0|~4.0",
                "symfony/dom-crawler": "~2.3|~3.0|~4.0"
            },
            "require-dev": {
                "mink/driver-testsuite": "dev-master",
                "symfony/http-kernel": "~2.3|~3.0|~4.0"
            },
            "type": "mink-driver",
            "extra": {
                "branch-alias": {
                    "dev-master": "1.3.x-dev"
                }
            },
            "autoload": {
                "psr-4": {
                    "Behat\\Mink\\Driver\\": "src/"
                }
            },
            "notification-url": "https://packagist.org/downloads/",
            "license": [
                "MIT"
            ],
            "authors": [
                {
                    "name": "Konstantin Kudryashov",
                    "email": "ever.zet@gmail.com",
                    "homepage": "http://everzet.com"
                }
            ],
            "description": "Symfony2 BrowserKit driver for Mink framework",
            "homepage": "http://mink.behat.org/",
            "keywords": [
                "Mink",
                "Symfony2",
                "browser",
                "testing"
            ],
            "time": "2018-05-02 09:25:31"
        },
        {
            "name": "symfony/browser-kit",
            "version": "v3.4.14",
            "source": {
                "type": "git",
                "url": "https://github.com/symfony/browser-kit.git",
                "reference": "f6668d1a6182d5a8dec65a1c863a4c1d963816c0"
            },
            "dist": {
                "type": "zip",
                "url": "https://api.github.com/repos/symfony/browser-kit/zipball/f6668d1a6182d5a8dec65a1c863a4c1d963816c0",
                "reference": "f6668d1a6182d5a8dec65a1c863a4c1d963816c0",
                "shasum": ""
            },
            "require": {
                "php": "^5.5.9|>=7.0.8",
                "symfony/dom-crawler": "~2.8|~3.0|~4.0"
            },
            "require-dev": {
                "symfony/css-selector": "~2.8|~3.0|~4.0",
                "symfony/process": "~2.8|~3.0|~4.0"
            },
            "suggest": {
                "symfony/process": ""
            },
            "type": "library",
            "extra": {
                "branch-alias": {
                    "dev-master": "3.4-dev"
                }
            },
            "autoload": {
                "psr-4": {
                    "Symfony\\Component\\BrowserKit\\": ""
                },
                "exclude-from-classmap": [
                    "/Tests/"
                ]
            },
            "notification-url": "https://packagist.org/downloads/",
            "license": [
                "MIT"
            ],
            "authors": [
                {
                    "name": "Fabien Potencier",
                    "email": "fabien@symfony.com"
                },
                {
                    "name": "Symfony Community",
                    "homepage": "https://symfony.com/contributors"
                }
            ],
            "description": "Symfony BrowserKit Component",
            "homepage": "https://symfony.com",
            "time": "2018-07-26 09:06:28"
        },
        {
            "name": "symfony/css-selector",
            "version": "v3.4.14",
            "source": {
                "type": "git",
                "url": "https://github.com/symfony/css-selector.git",
                "reference": "edda5a6155000ff8c3a3f85ee5c421af93cca416"
            },
            "dist": {
                "type": "zip",
                "url": "https://api.github.com/repos/symfony/css-selector/zipball/edda5a6155000ff8c3a3f85ee5c421af93cca416",
                "reference": "edda5a6155000ff8c3a3f85ee5c421af93cca416",
                "shasum": ""
            },
            "require": {
                "php": "^5.5.9|>=7.0.8"
            },
            "type": "library",
            "extra": {
                "branch-alias": {
                    "dev-master": "3.4-dev"
                }
            },
            "autoload": {
                "psr-4": {
                    "Symfony\\Component\\CssSelector\\": ""
                },
                "exclude-from-classmap": [
                    "/Tests/"
                ]
            },
            "notification-url": "https://packagist.org/downloads/",
            "license": [
                "MIT"
            ],
            "authors": [
                {
                    "name": "Jean-François Simon",
                    "email": "jeanfrancois.simon@sensiolabs.com"
                },
                {
                    "name": "Fabien Potencier",
                    "email": "fabien@symfony.com"
                },
                {
                    "name": "Symfony Community",
                    "homepage": "https://symfony.com/contributors"
                }
            ],
            "description": "Symfony CssSelector Component",
            "homepage": "https://symfony.com",
            "time": "2018-07-26 09:06:28"
        },
        {
            "name": "symfony/dom-crawler",
            "version": "v3.4.14",
            "source": {
                "type": "git",
                "url": "https://github.com/symfony/dom-crawler.git",
                "reference": "452bfc854b60134438e3824b159b0d24a5892331"
            },
            "dist": {
                "type": "zip",
                "url": "https://api.github.com/repos/symfony/dom-crawler/zipball/452bfc854b60134438e3824b159b0d24a5892331",
                "reference": "452bfc854b60134438e3824b159b0d24a5892331",
                "shasum": ""
            },
            "require": {
                "php": "^5.5.9|>=7.0.8",
                "symfony/polyfill-ctype": "~1.8",
                "symfony/polyfill-mbstring": "~1.0"
            },
            "require-dev": {
                "symfony/css-selector": "~2.8|~3.0|~4.0"
            },
            "suggest": {
                "symfony/css-selector": ""
            },
            "type": "library",
            "extra": {
                "branch-alias": {
                    "dev-master": "3.4-dev"
                }
            },
            "autoload": {
                "psr-4": {
                    "Symfony\\Component\\DomCrawler\\": ""
                },
                "exclude-from-classmap": [
                    "/Tests/"
                ]
            },
            "notification-url": "https://packagist.org/downloads/",
            "license": [
                "MIT"
            ],
            "authors": [
                {
                    "name": "Fabien Potencier",
                    "email": "fabien@symfony.com"
                },
                {
                    "name": "Symfony Community",
                    "homepage": "https://symfony.com/contributors"
                }
            ],
            "description": "Symfony DomCrawler Component",
            "homepage": "https://symfony.com",
            "time": "2018-07-26 10:03:52"
        },
        {
            "name": "symfony/polyfill-ctype",
            "version": "v1.9.0",
            "source": {
                "type": "git",
                "url": "https://github.com/symfony/polyfill-ctype.git",
                "reference": "e3d826245268269cd66f8326bd8bc066687b4a19"
            },
            "dist": {
                "type": "zip",
                "url": "https://api.github.com/repos/symfony/polyfill-ctype/zipball/e3d826245268269cd66f8326bd8bc066687b4a19",
                "reference": "e3d826245268269cd66f8326bd8bc066687b4a19",
                "shasum": ""
            },
            "require": {
                "php": ">=5.3.3"
            },
            "suggest": {
                "ext-ctype": "For best performance"
            },
            "type": "library",
            "extra": {
                "branch-alias": {
                    "dev-master": "1.9-dev"
                }
            },
            "autoload": {
                "psr-4": {
                    "Symfony\\Polyfill\\Ctype\\": ""
                },
                "files": [
                    "bootstrap.php"
                ]
            },
            "notification-url": "https://packagist.org/downloads/",
            "license": [
                "MIT"
            ],
            "authors": [
                {
                    "name": "Symfony Community",
                    "homepage": "https://symfony.com/contributors"
                },
                {
                    "name": "Gert de Pagter",
                    "email": "BackEndTea@gmail.com"
                }
            ],
            "description": "Symfony polyfill for ctype functions",
            "homepage": "https://symfony.com",
            "keywords": [
                "compatibility",
                "ctype",
                "polyfill",
                "portable"
            ],
            "time": "2018-08-06 14:22:27"
        },
        {
            "name": "symfony/polyfill-mbstring",
            "version": "v1.9.0",
            "source": {
                "type": "git",
                "url": "https://github.com/symfony/polyfill-mbstring.git",
                "reference": "d0cd638f4634c16d8df4508e847f14e9e43168b8"
            },
            "dist": {
                "type": "zip",
                "url": "https://api.github.com/repos/symfony/polyfill-mbstring/zipball/d0cd638f4634c16d8df4508e847f14e9e43168b8",
                "reference": "d0cd638f4634c16d8df4508e847f14e9e43168b8",
                "shasum": ""
            },
            "require": {
                "php": ">=5.3.3"
            },
            "suggest": {
                "ext-mbstring": "For best performance"
            },
            "type": "library",
            "extra": {
                "branch-alias": {
                    "dev-master": "1.9-dev"
                }
            },
            "autoload": {
                "psr-4": {
                    "Symfony\\Polyfill\\Mbstring\\": ""
                },
                "files": [
                    "bootstrap.php"
                ]
            },
            "notification-url": "https://packagist.org/downloads/",
            "license": [
                "MIT"
            ],
            "authors": [
                {
                    "name": "Nicolas Grekas",
                    "email": "p@tchwork.com"
                },
                {
                    "name": "Symfony Community",
                    "homepage": "https://symfony.com/contributors"
                }
            ],
            "description": "Symfony polyfill for the Mbstring extension",
            "homepage": "https://symfony.com",
            "keywords": [
                "compatibility",
                "mbstring",
                "polyfill",
                "portable",
                "shim"
            ],
            "time": "2018-08-06 14:22:27"
        }
    ],
    "aliases": [],
    "minimum-stability": "stable",
    "stability-flags": [],
    "prefer-stable": false,
    "prefer-lowest": false,
    "platform": [],
    "platform-dev": []
}
